
Microsoft Visual Studio Solution File, Format Version 12.00
# Visual Studio Version 17
VisualStudioVersion = 17.9.34616.47
MinimumVisualStudioVersion = 10.0.40219.1
Project("{FAE04EC0-301F-11D3-BF4B-00C04F79EFBC}") = "BanaHatirlat", "BanaHatirlat\BanaHatirlat.csproj", "{57A0929F-E49A-422C-B5DD-C583C312C750}"
EndProject
Global
	GlobalSection(SolutionConfigurationPlatforms) = preSolution
		Debug|Any CPU = Debug|Any CPU
		Release|Any CPU = Release|Any CPU
	EndGlobalSection
	GlobalSection(ProjectConfigurationPlatforms) = postSolution
		{57A0929F-E49A-422C-B5DD-C583C312C750}.Debug|Any CPU.ActiveCfg = Debug|Any CPU
		{57A0929F-E49A-422C-B5DD-C583C312C750}.Debug|Any CPU.Build.0 = Debug|Any CPU
		{57A0929F-E49A-422C-B5DD-C583C312C750}.Release|Any CPU.ActiveCfg = Release|Any CPU
		{57A0929F-E49A-422C-B5DD-C583C312C750}.Release|Any CPU.Build.0 = Release|Any CPU
	EndGlobalSection
	GlobalSection(SolutionProperties) = preSolution
		HideSolutionNode = FALSE
	EndGlobalSection
	GlobalSection(ExtensibilityGlobals) = postSolution
		SolutionGuid = {B948F8E5-AAEE-4D29-BBFA-29A21C854041}
	EndGlobalSection
EndGlobal
